
Microsoft Visual Studio Solution File, Format Version 12.00
# Visual Studio Version 16
VisualStudioVersion = 25.0.1704.0
MinimumVisualStudioVersion = 10.0.40219.1
Project("{FAE04EC0-301F-11D3-BF4B-00C04F79EFBC}") = "GeometryLibrary", "GeometryLibrary\GeometryLibrary.csproj", "{C84E1CB7-74C3-4F52-AC43-0B854C5EADAA}"
EndProject
Global
	GlobalSection(SolutionConfigurationPlatforms) = preSolution
		Debug|Any CPU = Debug|Any CPU
		Release|Any CPU = Release|Any CPU
	EndGlobalSection
	GlobalSection(ProjectConfigurationPlatforms) = postSolution
		{C84E1CB7-74C3-4F52-AC43-0B854C5EADAA}.Debug|Any CPU.ActiveCfg = Debug|Any CPU
		{C84E1CB7-74C3-4F52-AC43-0B854C5EADAA}.Debug|Any CPU.Build.0 = Debug|Any CPU
		{C84E1CB7-74C3-4F52-AC43-0B854C5EADAA}.Release|Any CPU.ActiveCfg = Release|Any CPU
		{C84E1CB7-74C3-4F52-AC43-0B854C5EADAA}.Release|Any CPU.Build.0 = Release|Any CPU
	EndGlobalSection
	GlobalSection(SolutionProperties) = preSolution
		HideSolutionNode = FALSE
	EndGlobalSection
	GlobalSection(ExtensibilityGlobals) = postSolution
		SolutionGuid = {9981195A-19C1-4713-8CB7-D9A267E43CC0}
	EndGlobalSection
EndGlobal
